lockfileVersion: 5.4

specifiers:
  '@types/node': ^18.11.18
  '@types/three': ^0.147.1
  three: ^0.148.0
  typescript: latest

dependencies:
  three: 0.148.0

devDependencies:
  '@types/node': 18.11.18
  '@types/three': 0.147.1
  typescript: 4.9.4

packages:

  /@types/node/18.11.18:
    resolution: {integrity: sha512-DHQpWGjyQKSHj3ebjFI/wRKcqQcdR+MoFBygntYOZytCqNfkd2ZC4ARDJ2DQqhjH5p85Nnd3jhUJIXrszFX/JA==}
    dev: true

  /@types/three/0.147.1:
    resolution: {integrity: sha512-1dGYrF9E7frAXu3CRUYtTFj97PlA/Q0OedDQBROn3fKjtKXNhXc6/VNgkGod3axJMeNPNFDa6ur9eOcQ+aD0zw==}
    dependencies:
      '@types/webxr': 0.5.0
    dev: true

  /@types/webxr/0.5.0:
    resolution: {integrity: sha512-IUMDPSXnYIbEO2IereEFcgcqfDREOgmbGqtrMpVPpACTU6pltYLwHgVkrnYv0XhWEcjio9sYEfIEzgn3c7nDqA==}
    dev: true

  /three/0.148.0:
    resolution: {integrity: sha512-8uzVV+qhTPi0bOFs/3te3RW6hb3urL8jYEl6irjCWo/l6sr8MPNMcClFev/MMYeIxr0gmDcoXTy/8LXh/LXkfw==}
    dev: false

  /typescript/4.9.4:
    resolution: {integrity: sha512-Uz+dTXYzxXXbsFpM86Wh3dKCxrQqUcVMxwU54orwlJjOpO3ao8L7j5lH+dWfTwgCwIuM9GQ2kvVotzYJMXTBZg==}
    engines: {node: '>=4.2.0'}
    hasBin: true
    dev: true
